
Microsoft Visual Studio Solution File, Format Version 12.00
# Visual Studio Version 17
VisualStudioVersion = 17.3.32929.385
MinimumVisualStudioVersion = 10.0.40219.1
Project("{FAE04EC0-301F-11D3-BF4B-00C04F79EFBC}") = "Snake", "Snake.csproj", "{C2F9D5F8-AE87-4318-A739-0EA55B64D5E7}"
EndProject
Global
	GlobalSection(SolutionConfigurationPlatforms) = preSolution
		Debug|Any CPU = Debug|Any CPU
		Release|Any CPU = Release|Any CPU
	EndGlobalSection
	GlobalSection(ProjectConfigurationPlatforms) = postSolution
		{C2F9D5F8-AE87-4318-A739-0EA55B64D5E7}.Debug|Any CPU.ActiveCfg = Debug|Any CPU
		{C2F9D5F8-AE87-4318-A739-0EA55B64D5E7}.Debug|Any CPU.Build.0 = Debug|Any CPU
		{C2F9D5F8-AE87-4318-A739-0EA55B64D5E7}.Release|Any CPU.ActiveCfg = Release|Any CPU
		{C2F9D5F8-AE87-4318-A739-0EA55B64D5E7}.Release|Any CPU.Build.0 = Release|Any CPU
	EndGlobalSection
	GlobalSection(SolutionProperties) = preSolution
		HideSolutionNode = FALSE
	EndGlobalSection
	GlobalSection(ExtensibilityGlobals) = postSolution
		SolutionGuid = {C12B5401-C95A-40A5-8AE4-7CAC5D67B6D3}
	EndGlobalSection
EndGlobal
